# THIS IS AN AUTOGENERATED FILE. DO NOT EDIT THIS FILE DIRECTLY.
# yarn lockfile v1


"@noble/hashes@^1.1.5":
  version "1.3.2"
  resolved "https://registry.yarnpkg.com/@noble/hashes/-/hashes-1.3.2.tgz#6f26dbc8fbc7205873ce3cee2f690eba0d421b39"
  integrity sha512-MVC8EAQp7MvEcm30KWENFjgR+Mkmf+D189XJTkFIlwohU5hcBbn1ZkKq7KVTi2Hme3PMGF390DaL52beVrIihQ==

"@paralleldrive/cuid2@^2.2.2":
  version "2.2.2"
  resolved "https://registry.yarnpkg.com/@paralleldrive/cuid2/-/cuid2-2.2.2.tgz#7f91364d53b89e2c9cb9e02e8dd0f129e834455f"
  integrity sha512-ZOBkgDwEdoYVlSeRbYYXs0S9MejQofiVYoTbKzy/6GQa39/q5tQU2IX46+shYnUkpEl3wc+J6wRlar7r2EK2xA==
  dependencies:
    "@noble/hashes" "^1.1.5"

"@types/jsonata@^1.5.1":
  version "1.5.1"
  resolved "https://registry.yarnpkg.com/@types/jsonata/-/jsonata-1.5.1.tgz#403176c3f265523c36e799f27752188b2fc08981"
  integrity sha512-zBVjNYS7FUUIZ4Ckq3p7xOkJKndT6h+kHUeKiud1E6h/OLPkQOagzq8UJYN07QvtkA03XFadQER1zSIWSJj2EA==
  dependencies:
    jsonata "*"

jsonata@*, jsonata@^2.0.6:
  version "2.0.6"
  resolved "https://registry.yarnpkg.com/jsonata/-/jsonata-2.0.6.tgz#1187ec97f4662d6857b1cc40770f3ea61345d04c"
  integrity sha512-WhQB5tXQ32qjkx2GYHFw2XbL90u+LLzjofAYwi+86g6SyZeXHz9F1Q0amy3dWRYczshOC3Haok9J4pOCgHtwyQ==

lodash@^4.17.21:
  version "4.17.21"
  resolved "https://registry.yarnpkg.com/lodash/-/lodash-4.17.21.tgz#679591c564c3bffaae8454cf0b3df370c3d6911c"
  integrity sha512-v2kDEe57lecTulaDIuNTPy3Ry4gLGJ6Z1O3vE1krgXZNrsQ+LFTGHVxVjcXPs17LhbZVGedAJv8XZ1tvj5FvSg==

typescript@^4.5.4:
  version "4.9.5"
  resolved "https://registry.yarnpkg.com/typescript/-/typescript-4.9.5.tgz#095979f9bcc0d09da324d58d03ce8f8374cbe65a"
  integrity sha512-1FXk9E2Hm+QzZQ7z+McJiHL4NW1F2EzMu9Nq9i3zAaGqibafqYwCVU6WyWAuyQRRzOlxou8xZSyXLEN8oKj24g==
